
Microsoft Visual Studio Solution File, Format Version 12.00
# Visual Studio Version 16
VisualStudioVersion = 16.0.31613.86
MinimumVisualStudioVersion = 10.0.40219.1
Project("{FAE04EC0-301F-11D3-BF4B-00C04F79EFBC}") = "PriceMonitor", "PriceMonitor\PriceMonitor.csproj", "{C9BC09B9-A7AE-4568-A4FE-79D953629515}"
EndProject
Global
	GlobalSection(SolutionConfigurationPlatforms) = preSolution
		Debug|Any CPU = Debug|Any CPU
		Release|Any CPU = Release|Any CPU
	EndGlobalSection
	GlobalSection(ProjectConfigurationPlatforms) = postSolution
		{C9BC09B9-A7AE-4568-A4FE-79D953629515}.Debug|Any CPU.ActiveCfg = Debug|Any CPU
		{C9BC09B9-A7AE-4568-A4FE-79D953629515}.Debug|Any CPU.Build.0 = Debug|Any CPU
		{C9BC09B9-A7AE-4568-A4FE-79D953629515}.Release|Any CPU.ActiveCfg = Release|Any CPU
		{C9BC09B9-A7AE-4568-A4FE-79D953629515}.Release|Any CPU.Build.0 = Release|Any CPU
	EndGlobalSection
	GlobalSection(SolutionProperties) = preSolution
		HideSolutionNode = FALSE
	EndGlobalSection
	GlobalSection(ExtensibilityGlobals) = postSolution
		SolutionGuid = {D0154C8C-46C0-46C2-9BAB-29F3EE17C0B5}
	EndGlobalSection
EndGlobal
